
Microsoft Visual Studio Solution File, Format Version 12.00
# Visual Studio Version 17
VisualStudioVersion = 17.1.32228.430
MinimumVisualStudioVersion = 10.0.40219.1
Project("{FAE04EC0-301F-11D3-BF4B-00C04F79EFBC}") = "OrderManagementApp.Server", "OrderManagementApp\Server\OrderManagementApp.Server.csproj", "{667F4CFF-C801-42D8-945C-DD9B701469B7}"
EndProject
Project("{FAE04EC0-301F-11D3-BF4B-00C04F79EFBC}") = "OrderManagementApp.Client", "OrderManagementApp\Client\OrderManagementApp.Client.csproj", "{C57A69F3-BD29-496F-BFA5-33FE88CF7724}"
EndProject
Project("{FAE04EC0-301F-11D3-BF4B-00C04F79EFBC}") = "OrderManagementApp.Shared", "OrderManagementApp\Shared\OrderManagementApp.Shared.csproj", "{E083A4BA-198E-47F5-A322-B5D58629F0A2}"
EndProject
Global
	GlobalSection(SolutionConfigurationPlatforms) = preSolution
		Debug|Any CPU = Debug|Any CPU
		Release|Any CPU = Release|Any CPU
	EndGlobalSection
	GlobalSection(ProjectConfigurationPlatforms) = postSolution
		{667F4CFF-C801-42D8-945C-DD9B701469B7}.Debug|Any CPU.ActiveCfg = Debug|Any CPU
		{667F4CFF-C801-42D8-945C-DD9B701469B7}.Debug|Any CPU.Build.0 = Debug|Any CPU
		{667F4CFF-C801-42D8-945C-DD9B701469B7}.Release|Any CPU.ActiveCfg = Release|Any CPU
		{667F4CFF-C801-42D8-945C-DD9B701469B7}.Release|Any CPU.Build.0 = Release|Any CPU
		{C57A69F3-BD29-496F-BFA5-33FE88CF7724}.Debug|Any CPU.ActiveCfg = Debug|Any CPU
		{C57A69F3-BD29-496F-BFA5-33FE88CF7724}.Debug|Any CPU.Build.0 = Debug|Any CPU
		{C57A69F3-BD29-496F-BFA5-33FE88CF7724}.Release|Any CPU.ActiveCfg = Release|Any CPU
		{C57A69F3-BD29-496F-BFA5-33FE88CF7724}.Release|Any CPU.Build.0 = Release|Any CPU
		{E083A4BA-198E-47F5-A322-B5D58629F0A2}.Debug|Any CPU.ActiveCfg = Debug|Any CPU
		{E083A4BA-198E-47F5-A322-B5D58629F0A2}.Debug|Any CPU.Build.0 = Debug|Any CPU
		{E083A4BA-198E-47F5-A322-B5D58629F0A2}.Release|Any CPU.ActiveCfg = Release|Any CPU
		{E083A4BA-198E-47F5-A322-B5D58629F0A2}.Release|Any CPU.Build.0 = Release|Any CPU
	EndGlobalSection
	GlobalSection(SolutionProperties) = preSolution
		HideSolutionNode = FALSE
	EndGlobalSection
	GlobalSection(ExtensibilityGlobals) = postSolution
		SolutionGuid = {227EBF6A-E7DA-4F56-A4E2-D21E58DD95D0}
	EndGlobalSection
EndGlobal
